
Microsoft Visual Studio Solution File, Format Version 12.00
# Visual Studio 15
VisualStudioVersion = 15.0.28307.779
MinimumVisualStudioVersion = 10.0.40219.1
Project("{2150E333-8FDC-42A3-9474-1A3956D46DE8}") = "1 Fundamentals", "1 Fundamentals", "{5F32366E-A2A3-4DA5-831C-7C597890E33E}"
EndProject
Project("{2150E333-8FDC-42A3-9474-1A3956D46DE8}") = ".nuget", ".nuget", "{BC0B7FF2-DC4C-47FA-B9A2-9CDECE9A2614}"
	ProjectSection(SolutionItems) = preProject
		.nuget\NuGet.Config = .nuget\NuGet.Config
		.nuget\NuGet.exe = .nuget\NuGet.exe
		.nuget\NuGet.targets = .nuget\NuGet.targets
		.nuget\packages.config = .nuget\packages.config
	EndProjectSection
EndProject
Project("{2150E333-8FDC-42A3-9474-1A3956D46DE8}") = "4 Testing", "4 Testing", "{FECBB58C-9683-4FCF-8879-BBDFA0964981}"
EndProject
Project("{FAE04EC0-301F-11D3-BF4B-00C04F79EFBC}") = "Testing.Sample", "Testing.Sample\Testing.Sample.csproj", "{C035BB11-300D-4B30-BF01-13551883A790}"
EndProject
Project("{2150E333-8FDC-42A3-9474-1A3956D46DE8}") = "2 Design", "2 Design", "{C2758BDF-A549-4949-BD1E-6B354528D9A0}"
EndProject
Project("{FAE04EC0-301F-11D3-BF4B-00C04F79EFBC}") = "Design", "Design\Design.csproj", "{1C69E127-89F2-4866-B23A-EE620913C3DF}"
EndProject
Project("{FAE04EC0-301F-11D3-BF4B-00C04F79EFBC}") = "Design.Test", "Design.Test\Design.Test.csproj", "{24F6082A-DDCB-493E-AEAA-C402BDF7298A}"
EndProject
Project("{2150E333-8FDC-42A3-9474-1A3956D46DE8}") = "3 ErrorHandling", "3 ErrorHandling", "{128AFC6D-1252-407A-A25B-D85F7DEFE6F5}"
EndProject
Project("{FAE04EC0-301F-11D3-BF4B-00C04F79EFBC}") = "ErrorHandling", "ErrorHandling.Workshop\ErrorHandling.csproj", "{3647D2AF-4E67-45C8-8BFA-64FE13E6E72C}"
EndProject
Project("{FAE04EC0-301F-11D3-BF4B-00C04F79EFBC}") = "ErrorHandling.Test", "ErrorHandling.Test.Workshop\ErrorHandling.Test.csproj", "{D7AA3835-309F-4779-A2B6-AC445BDF697F}"
EndProject
Project("{2150E333-8FDC-42A3-9474-1A3956D46DE8}") = "0 Examples", "0 Examples", "{DE120B1D-43D9-4452-AB43-C57483EE448B}"
EndProject
Project("{FAE04EC0-301F-11D3-BF4B-00C04F79EFBC}") = "Examples", "Examples\Examples.csproj", "{30A8988D-5FDB-4DF4-B5E8-62646194A02D}"
EndProject
Project("{FAE04EC0-301F-11D3-BF4B-00C04F79EFBC}") = "Examples.Test", "Examples.Test\Examples.Test.csproj", "{57D8F7CF-F1D0-4977-A350-84A38F82BDE2}"
EndProject
Project("{FAE04EC0-301F-11D3-BF4B-00C04F79EFBC}") = "Fundamentals", "Fundamentals\Fundamentals.csproj", "{D7FCC77F-63D9-4AF5-8279-971D055B4C6E}"
EndProject
Project("{FAE04EC0-301F-11D3-BF4B-00C04F79EFBC}") = "Fundamentals.Solution", "Fundamentals.Solution\Fundamentals.Solution.csproj", "{692739E3-1326-48AF-B8D8-5337467AF4AB}"
EndProject
Global
	GlobalSection(SolutionConfigurationPlatforms) = preSolution
		Debug|Any CPU = Debug|Any CPU
		Release|Any CPU = Release|Any CPU
	EndGlobalSection
	GlobalSection(ProjectConfigurationPlatforms) = postSolution
		{C035BB11-300D-4B30-BF01-13551883A790}.Debug|Any CPU.ActiveCfg = Debug|Any CPU
		{C035BB11-300D-4B30-BF01-13551883A790}.Debug|Any CPU.Build.0 = Debug|Any CPU
		{C035BB11-300D-4B30-BF01-13551883A790}.Release|Any CPU.ActiveCfg = Release|Any CPU
		{C035BB11-300D-4B30-BF01-13551883A790}.Release|Any CPU.Build.0 = Release|Any CPU
		{1C69E127-89F2-4866-B23A-EE620913C3DF}.Debug|Any CPU.ActiveCfg = Debug|Any CPU
		{1C69E127-89F2-4866-B23A-EE620913C3DF}.Debug|Any CPU.Build.0 = Debug|Any CPU
		{1C69E127-89F2-4866-B23A-EE620913C3DF}.Release|Any CPU.ActiveCfg = Release|Any CPU
		{1C69E127-89F2-4866-B23A-EE620913C3DF}.Release|Any CPU.Build.0 = Release|Any CPU
		{24F6082A-DDCB-493E-AEAA-C402BDF7298A}.Debug|Any CPU.ActiveCfg = Debug|Any CPU
		{24F6082A-DDCB-493E-AEAA-C402BDF7298A}.Debug|Any CPU.Build.0 = Debug|Any CPU
		{24F6082A-DDCB-493E-AEAA-C402BDF7298A}.Release|Any CPU.ActiveCfg = Release|Any CPU
		{24F6082A-DDCB-493E-AEAA-C402BDF7298A}.Release|Any CPU.Build.0 = Release|Any CPU
		{3647D2AF-4E67-45C8-8BFA-64FE13E6E72C}.Debug|Any CPU.ActiveCfg = Debug|Any CPU
		{3647D2AF-4E67-45C8-8BFA-64FE13E6E72C}.Debug|Any CPU.Build.0 = Debug|Any CPU
		{3647D2AF-4E67-45C8-8BFA-64FE13E6E72C}.Release|Any CPU.ActiveCfg = Release|Any CPU
		{3647D2AF-4E67-45C8-8BFA-64FE13E6E72C}.Release|Any CPU.Build.0 = Release|Any CPU
		{D7AA3835-309F-4779-A2B6-AC445BDF697F}.Debug|Any CPU.ActiveCfg = Debug|Any CPU
		{D7AA3835-309F-4779-A2B6-AC445BDF697F}.Debug|Any CPU.Build.0 = Debug|Any CPU
		{D7AA3835-309F-4779-A2B6-AC445BDF697F}.Release|Any CPU.ActiveCfg = Release|Any CPU
		{D7AA3835-309F-4779-A2B6-AC445BDF697F}.Release|Any CPU.Build.0 = Release|Any CPU
		{30A8988D-5FDB-4DF4-B5E8-62646194A02D}.Debug|Any CPU.ActiveCfg = Debug|Any CPU
		{30A8988D-5FDB-4DF4-B5E8-62646194A02D}.Debug|Any CPU.Build.0 = Debug|Any CPU
		{30A8988D-5FDB-4DF4-B5E8-62646194A02D}.Release|Any CPU.ActiveCfg = Release|Any CPU
		{30A8988D-5FDB-4DF4-B5E8-62646194A02D}.Release|Any CPU.Build.0 = Release|Any CPU
		{57D8F7CF-F1D0-4977-A350-84A38F82BDE2}.Debug|Any CPU.ActiveCfg = Debug|Any CPU
		{57D8F7CF-F1D0-4977-A350-84A38F82BDE2}.Debug|Any CPU.Build.0 = Debug|Any CPU
		{57D8F7CF-F1D0-4977-A350-84A38F82BDE2}.Release|Any CPU.ActiveCfg = Release|Any CPU
		{57D8F7CF-F1D0-4977-A350-84A38F82BDE2}.Release|Any CPU.Build.0 = Release|Any CPU
		{D7FCC77F-63D9-4AF5-8279-971D055B4C6E}.Debug|Any CPU.ActiveCfg = Debug|Any CPU
		{D7FCC77F-63D9-4AF5-8279-971D055B4C6E}.Debug|Any CPU.Build.0 = Debug|Any CPU
		{D7FCC77F-63D9-4AF5-8279-971D055B4C6E}.Release|Any CPU.ActiveCfg = Release|Any CPU
		{D7FCC77F-63D9-4AF5-8279-971D055B4C6E}.Release|Any CPU.Build.0 = Release|Any CPU
		{692739E3-1326-48AF-B8D8-5337467AF4AB}.Debug|Any CPU.ActiveCfg = Debug|Any CPU
		{692739E3-1326-48AF-B8D8-5337467AF4AB}.Debug|Any CPU.Build.0 = Debug|Any CPU
		{692739E3-1326-48AF-B8D8-5337467AF4AB}.Release|Any CPU.ActiveCfg = Release|Any CPU
		{692739E3-1326-48AF-B8D8-5337467AF4AB}.Release|Any CPU.Build.0 = Release|Any CPU
	EndGlobalSection
	GlobalSection(SolutionProperties) = preSolution
		HideSolutionNode = FALSE
	EndGlobalSection
	GlobalSection(NestedProjects) = preSolution
		{C035BB11-300D-4B30-BF01-13551883A790} = {FECBB58C-9683-4FCF-8879-BBDFA0964981}
		{1C69E127-89F2-4866-B23A-EE620913C3DF} = {C2758BDF-A549-4949-BD1E-6B354528D9A0}
		{24F6082A-DDCB-493E-AEAA-C402BDF7298A} = {C2758BDF-A549-4949-BD1E-6B354528D9A0}
		{3647D2AF-4E67-45C8-8BFA-64FE13E6E72C} = {128AFC6D-1252-407A-A25B-D85F7DEFE6F5}
		{D7AA3835-309F-4779-A2B6-AC445BDF697F} = {128AFC6D-1252-407A-A25B-D85F7DEFE6F5}
		{30A8988D-5FDB-4DF4-B5E8-62646194A02D} = {DE120B1D-43D9-4452-AB43-C57483EE448B}
		{57D8F7CF-F1D0-4977-A350-84A38F82BDE2} = {DE120B1D-43D9-4452-AB43-C57483EE448B}
		{D7FCC77F-63D9-4AF5-8279-971D055B4C6E} = {5F32366E-A2A3-4DA5-831C-7C597890E33E}
		{692739E3-1326-48AF-B8D8-5337467AF4AB} = {5F32366E-A2A3-4DA5-831C-7C597890E33E}
	EndGlobalSection
	GlobalSection(ExtensibilityGlobals) = postSolution
		SolutionGuid = {A60987BB-0333-4633-B2CA-1660C05856B0}
	EndGlobalSection
EndGlobal
