
Microsoft Visual Studio Solution File, Format Version 12.00
# Visual Studio 2013
VisualStudioVersion = 12.0.30110.0
MinimumVisualStudioVersion = 10.0.40219.1
Project("{2150E333-8FDC-42A3-9474-1A3956D46DE8}") = "1 Fundamentals", "1 Fundamentals", "{5F32366E-A2A3-4DA5-831C-7C597890E33E}"
EndProject
Project("{FAE04EC0-301F-11D3-BF4B-00C04F79EFBC}") = "Naming.Workshop", "Naming\Naming.Workshop.csproj", "{30190AC1-01F6-4EE8-B4E1-80711F1E186B}"
EndProject
Project("{2150E333-8FDC-42A3-9474-1A3956D46DE8}") = ".nuget", ".nuget", "{BC0B7FF2-DC4C-47FA-B9A2-9CDECE9A2614}"
	ProjectSection(SolutionItems) = preProject
		.nuget\packages.config = .nuget\packages.config
	EndProjectSection
EndProject
Project("{2150E333-8FDC-42A3-9474-1A3956D46DE8}") = "3 Testing", "3 Testing", "{FECBB58C-9683-4FCF-8879-BBDFA0964981}"
EndProject
Project("{FAE04EC0-301F-11D3-BF4B-00C04F79EFBC}") = "Testing.Sample", "Testing.Sample\Testing.Sample.csproj", "{C035BB11-300D-4B30-BF01-13551883A790}"
EndProject
Project("{2150E333-8FDC-42A3-9474-1A3956D46DE8}") = "2 ErrorHandling", "2 ErrorHandling", "{128AFC6D-1252-407A-A25B-D85F7DEFE6F5}"
EndProject
Project("{FAE04EC0-301F-11D3-BF4B-00C04F79EFBC}") = "ErrorHandling", "ErrorHandling.Workshop\ErrorHandling.csproj", "{3647D2AF-4E67-45C8-8BFA-64FE13E6E72C}"
EndProject
Project("{FAE04EC0-301F-11D3-BF4B-00C04F79EFBC}") = "ErrorHandling.Test", "ErrorHandling.Test.Workshop\ErrorHandling.Test.csproj", "{D7AA3835-309F-4779-A2B6-AC445BDF697F}"
EndProject
Global
	GlobalSection(SolutionConfigurationPlatforms) = preSolution
		Debug|Any CPU = Debug|Any CPU
		Release|Any CPU = Release|Any CPU
	EndGlobalSection
	GlobalSection(ProjectConfigurationPlatforms) = postSolution
		{30190AC1-01F6-4EE8-B4E1-80711F1E186B}.Debug|Any CPU.ActiveCfg = Debug|Any CPU
		{30190AC1-01F6-4EE8-B4E1-80711F1E186B}.Debug|Any CPU.Build.0 = Debug|Any CPU
		{30190AC1-01F6-4EE8-B4E1-80711F1E186B}.Release|Any CPU.ActiveCfg = Release|Any CPU
		{30190AC1-01F6-4EE8-B4E1-80711F1E186B}.Release|Any CPU.Build.0 = Release|Any CPU
		{C035BB11-300D-4B30-BF01-13551883A790}.Debug|Any CPU.ActiveCfg = Debug|Any CPU
		{C035BB11-300D-4B30-BF01-13551883A790}.Debug|Any CPU.Build.0 = Debug|Any CPU
		{C035BB11-300D-4B30-BF01-13551883A790}.Release|Any CPU.ActiveCfg = Release|Any CPU
		{C035BB11-300D-4B30-BF01-13551883A790}.Release|Any CPU.Build.0 = Release|Any CPU
		{3647D2AF-4E67-45C8-8BFA-64FE13E6E72C}.Debug|Any CPU.ActiveCfg = Debug|Any CPU
		{3647D2AF-4E67-45C8-8BFA-64FE13E6E72C}.Debug|Any CPU.Build.0 = Debug|Any CPU
		{3647D2AF-4E67-45C8-8BFA-64FE13E6E72C}.Release|Any CPU.ActiveCfg = Release|Any CPU
		{3647D2AF-4E67-45C8-8BFA-64FE13E6E72C}.Release|Any CPU.Build.0 = Release|Any CPU
		{D7AA3835-309F-4779-A2B6-AC445BDF697F}.Debug|Any CPU.ActiveCfg = Debug|Any CPU
		{D7AA3835-309F-4779-A2B6-AC445BDF697F}.Debug|Any CPU.Build.0 = Debug|Any CPU
		{D7AA3835-309F-4779-A2B6-AC445BDF697F}.Release|Any CPU.ActiveCfg = Release|Any CPU
		{D7AA3835-309F-4779-A2B6-AC445BDF697F}.Release|Any CPU.Build.0 = Release|Any CPU
	EndGlobalSection
	GlobalSection(SolutionProperties) = preSolution
		HideSolutionNode = FALSE
	EndGlobalSection
	GlobalSection(NestedProjects) = preSolution
		{30190AC1-01F6-4EE8-B4E1-80711F1E186B} = {5F32366E-A2A3-4DA5-831C-7C597890E33E}
		{C035BB11-300D-4B30-BF01-13551883A790} = {FECBB58C-9683-4FCF-8879-BBDFA0964981}
		{3647D2AF-4E67-45C8-8BFA-64FE13E6E72C} = {128AFC6D-1252-407A-A25B-D85F7DEFE6F5}
		{D7AA3835-309F-4779-A2B6-AC445BDF697F} = {128AFC6D-1252-407A-A25B-D85F7DEFE6F5}
	EndGlobalSection
EndGlobal
